// !$*UTF8*$!
{
	archiveVersion = 1;
	classes = {
	};
	objectVersion = 77;
	objects = {

/* Begin PBXBuildFile section */
		C0BA0A832F98C66B00D6322D /* Assets.xcassets in Resources */ = {isa = PBXBuildFile; fileRef = C0BA0A822F98C66B00D6322D /* Assets.xcassets */; };
		C0BA0A852F98C67800D6322D /* BeautyCamApp.swift in Sources */ = {isa = PBXBuildFile; fileRef = C0BA0A842F98C67800D6322D /* BeautyCamApp.swift */; };
		C0BA0A872F98C68300D6322D /* ContentView.swift in Sources */ = {isa = PBXBuildFile; fileRef = C0BA0A862F98C68300D6322D /* ContentView.swift */; };
		BB020001BB020001BB020001 /* ARFaceSessionManager.swift in Sources */ = {isa = PBXBuildFile; fileRef = BB010001BB010001BB010001 /* ARFaceSessionManager.swift */; };
		BB020002BB020002BB020002 /* ARFrameProvider.swift in Sources */ = {isa = PBXBuildFile; fileRef = BB010002BB010002BB010002 /* ARFrameProvider.swift */; };
		BB020003BB020003BB020003 /* MetalFaceRenderer.swift in Sources */ = {isa = PBXBuildFile; fileRef = BB010003BB010003BB010003 /* MetalFaceRenderer.swift */; };
		BB020004BB020004BB020004 /* CameraTextureCache.swift in Sources */ = {isa = PBXBuildFile; fileRef = BB010004BB010004BB010004 /* CameraTextureCache.swift */; };
		BB020005BB020005BB020005 /* FaceMeshBufferBuilder.swift in Sources */ = {isa = PBXBuildFile; fileRef = BB010005BB010005BB010005 /* FaceMeshBufferBuilder.swift */; };
		BB020006BB020006BB020006 /* BeautyWarpShader.metal in Sources */ = {isa = PBXBuildFile; fileRef = BB010006BB010006BB010006 /* BeautyWarpShader.metal */; };
		BB020007BB020007BB020007 /* BeautyParameters.swift in Sources */ = {isa = PBXBuildFile; fileRef = BB010007BB010007BB010007 /* BeautyParameters.swift */; };
		BB020008BB020008BB020008 /* FaceWarpController.swift in Sources */ = {isa = PBXBuildFile; fileRef = BB010008BB010008BB010008 /* FaceWarpController.swift */; };
		BB020009BB020009BB020009 /* FaceLandmarkMapper.swift in Sources */ = {isa = PBXBuildFile; fileRef = BB010009BB010009BB010009 /* FaceLandmarkMapper.swift */; };
		BB02000ABB02000ABB02000A /* TemporalSmoother.swift in Sources */ = {isa = PBXBuildFile; fileRef = BB01000ABB01000ABB01000A /* TemporalSmoother.swift */; };
		BB02000BBB02000BBB02000B /* BeautyControlPanel.swift in Sources */ = {isa = PBXBuildFile; fileRef = BB01000BBB01000BBB01000B /* BeautyControlPanel.swift */; };
		BB02000CBB02000CBB02000C /* MetalViewRepresentable.swift in Sources */ = {isa = PBXBuildFile; fileRef = BB01000CBB01000CBB01000C /* MetalViewRepresentable.swift */; };
		BB02000DBB02000DBB02000D /* WarpFunctions.swift in Sources */ = {isa = PBXBuildFile; fileRef = BB01000DBB01000DBB01000D /* WarpFunctions.swift */; };
		BB02000EBB02000EBB02000E /* GeometryUtils.swift in Sources */ = {isa = PBXBuildFile; fileRef = BB01000EBB01000EBB01000E /* GeometryUtils.swift */; };
/* End PBXBuildFile section */

/* Begin PBXFileReference section */
		C0BA0A742F98900100D6322D /* BeautyCam.app */ = {isa = PBXFileReference; explicitFileType = wrapper.application; includeInIndex = 0; path = BeautyCam.app; sourceTree = BUILT_PRODUCTS_DIR; };
		C0BA0A822F98C66B00D6322D /* Assets.xcassets */ = {isa = PBXFileReference; lastKnownFileType = folder.assetcatalog; path = Assets.xcassets; sourceTree = "<group>"; };
		C0BA0A842F98C67800D6322D /* BeautyCamApp.swift */ = {isa = PBXFileReference; lastKnownFileType = sourcecode.swift; path = BeautyCamApp.swift; sourceTree = "<group>"; };
		C0BA0A862F98C68300D6322D /* ContentView.swift */ = {isa = PBXFileReference; lastKnownFileType = sourcecode.swift; path = ContentView.swift; sourceTree = "<group>"; };
		BB010001BB010001BB010001 /* ARFaceSessionManager.swift */ = {isa = PBXFileReference; lastKnownFileType = sourcecode.swift; path = ARFaceSessionManager.swift; sourceTree = "<group>"; };
		BB010002BB010002BB010002 /* ARFrameProvider.swift */ = {isa = PBXFileReference; lastKnownFileType = sourcecode.swift; path = ARFrameProvider.swift; sourceTree = "<group>"; };
		BB010003BB010003BB010003 /* MetalFaceRenderer.swift */ = {isa = PBXFileReference; lastKnownFileType = sourcecode.swift; path = MetalFaceRenderer.swift; sourceTree = "<group>"; };
		BB010004BB010004BB010004 /* CameraTextureCache.swift */ = {isa = PBXFileReference; lastKnownFileType = sourcecode.swift; path = CameraTextureCache.swift; sourceTree = "<group>"; };
		BB010005BB010005BB010005 /* FaceMeshBufferBuilder.swift */ = {isa = PBXFileReference; lastKnownFileType = sourcecode.swift; path = FaceMeshBufferBuilder.swift; sourceTree = "<group>"; };
		BB010006BB010006BB010006 /* BeautyWarpShader.metal */ = {isa = PBXFileReference; lastKnownFileType = sourcecode.metal; path = BeautyWarpShader.metal; sourceTree = "<group>"; };
		BB010007BB010007BB010007 /* BeautyParameters.swift */ = {isa = PBXFileReference; lastKnownFileType = sourcecode.swift; path = BeautyParameters.swift; sourceTree = "<group>"; };
		BB010008BB010008BB010008 /* FaceWarpController.swift */ = {isa = PBXFileReference; lastKnownFileType = sourcecode.swift; path = FaceWarpController.swift; sourceTree = "<group>"; };
		BB010009BB010009BB010009 /* FaceLandmarkMapper.swift */ = {isa = PBXFileReference; lastKnownFileType = sourcecode.swift; path = FaceLandmarkMapper.swift; sourceTree = "<group>"; };
		BB01000ABB01000ABB01000A /* TemporalSmoother.swift */ = {isa = PBXFileReference; lastKnownFileType = sourcecode.swift; path = TemporalSmoother.swift; sourceTree = "<group>"; };
		BB01000BBB01000BBB01000B /* BeautyControlPanel.swift */ = {isa = PBXFileReference; lastKnownFileType = sourcecode.swift; path = BeautyControlPanel.swift; sourceTree = "<group>"; };
		BB01000CBB01000CBB01000C /* MetalViewRepresentable.swift */ = {isa = PBXFileReference; lastKnownFileType = sourcecode.swift; path = MetalViewRepresentable.swift; sourceTree = "<group>"; };
		BB01000DBB01000DBB01000D /* WarpFunctions.swift */ = {isa = PBXFileReference; lastKnownFileType = sourcecode.swift; path = WarpFunctions.swift; sourceTree = "<group>"; };
		BB01000EBB01000EBB01000E /* GeometryUtils.swift */ = {isa = PBXFileReference; lastKnownFileType = sourcecode.swift; path = GeometryUtils.swift; sourceTree = "<group>"; };
/* End PBXFileReference section */

/* Begin PBXFrameworksBuildPhase section */
		C0BA0A712F98900100D6322D /* Frameworks */ = {
			isa = PBXFrameworksBuildPhase;
			buildActionMask = 2147483647;
			files = (
			);
			runOnlyForDeploymentPostprocessing = 0;
		};
/* End PBXFrameworksBuildPhase section */

/* Begin PBXGroup section */
		C0BA0A6B2F98900100D6322D = {
			isa = PBXGroup;
			children = (
				C0BA0A752F98900100D6322D /* Products */,
				C0BA0A822F98C66B00D6322D /* Assets.xcassets */,
				C0BA0A842F98C67800D6322D /* BeautyCamApp.swift */,
				C0BA0A862F98C68300D6322D /* ContentView.swift */,
				BB030001BB030001BB030001 /* AR */,
				BB030002BB030002BB030002 /* Rendering */,
				BB030003BB030003BB030003 /* Beauty */,
				BB030004BB030004BB030004 /* UI */,
				BB030005BB030005BB030005 /* Math */,
			);
			sourceTree = "<group>";
		};
		C0BA0A752F98900100D6322D /* Products */ = {
			isa = PBXGroup;
			children = (
				C0BA0A742F98900100D6322D /* BeautyCam.app */,
			);
			name = Products;
			sourceTree = "<group>";
		};
		BB030001BB030001BB030001 /* AR */ = {
			isa = PBXGroup;
			children = (
				BB010001BB010001BB010001 /* ARFaceSessionManager.swift */,
				BB010002BB010002BB010002 /* ARFrameProvider.swift */,
			);
			path = AR;
			sourceTree = "<group>";
		};
		BB030002BB030002BB030002 /* Rendering */ = {
			isa = PBXGroup;
			children = (
				BB010003BB010003BB010003 /* MetalFaceRenderer.swift */,
				BB010004BB010004BB010004 /* CameraTextureCache.swift */,
				BB010005BB010005BB010005 /* FaceMeshBufferBuilder.swift */,
				BB010006BB010006BB010006 /* BeautyWarpShader.metal */,
			);
			path = Rendering;
			sourceTree = "<group>";
		};
		BB030003BB030003BB030003 /* Beauty */ = {
			isa = PBXGroup;
			children = (
				BB010007BB010007BB010007 /* BeautyParameters.swift */,
				BB010008BB010008BB010008 /* FaceWarpController.swift */,
				BB010009BB010009BB010009 /* FaceLandmarkMapper.swift */,
				BB01000ABB01000ABB01000A /* TemporalSmoother.swift */,
			);
			path = Beauty;
			sourceTree = "<group>";
		};
		BB030004BB030004BB030004 /* UI */ = {
			isa = PBXGroup;
			children = (
				BB01000BBB01000BBB01000B /* BeautyControlPanel.swift */,
				BB01000CBB01000CBB01000C /* MetalViewRepresentable.swift */,
			);
			path = UI;
			sourceTree = "<group>";
		};
		BB030005BB030005BB030005 /* Math */ = {
			isa = PBXGroup;
			children = (
				BB01000DBB01000DBB01000D /* WarpFunctions.swift */,
				BB01000EBB01000EBB01000E /* GeometryUtils.swift */,
			);
			path = Math;
			sourceTree = "<group>";
		};
/* End PBXGroup section */

/* Begin PBXNativeTarget section */
		C0BA0A732F98900100D6322D /* BeautyCam */ = {
			isa = PBXNativeTarget;
			buildConfigurationList = C0BA0A7F2F98900200D6322D /* Build configuration list for PBXNativeTarget "BeautyCam" */;
			buildPhases = (
				C0BA0A702F98900100D6322D /* Sources */,
				C0BA0A712F98900100D6322D /* Frameworks */,
				C0BA0A722F98900100D6322D /* Resources */,
			);
			buildRules = (
			);
			dependencies = (
			);
			name = BeautyCam;
			productName = BeautyCam;
			productReference = C0BA0A742F98900100D6322D /* BeautyCam.app */;
			productType = "com.apple.product-type.application";
		};
/* End PBXNativeTarget section */

/* Begin PBXProject section */
		C0BA0A6C2F98900100D6322D /* Project object */ = {
			isa = PBXProject;
			attributes = {
				BuildIndependentTargetsInParallel = 1;
				LastSwiftUpdateCheck = 2640;
				LastUpgradeCheck = 2640;
				TargetAttributes = {
					C0BA0A732F98900100D6322D = {
						CreatedOnToolsVersion = 26.4;
						LastSwiftMigration = 2640;
					};
				};
			};
			buildConfigurationList = C0BA0A6F2F98900100D6322D /* Build configuration list for PBXProject "BeautyCam" */;
			developmentRegion = en;
			hasScannedForEncodings = 0;
			knownRegions = (
				en,
				Base,
			);
			mainGroup = C0BA0A6B2F98900100D6322D;
			minimizedProjectReferenceProxies = 1;
			preferredProjectObjectVersion = 77;
			productRefGroup = C0BA0A752F98900100D6322D /* Products */;
			projectDirPath = "";
			projectRoot = "";
			targets = (
				C0BA0A732F98900100D6322D /* BeautyCam */,
			);
		};
/* End PBXProject section */

/* Begin PBXResourcesBuildPhase section */
		C0BA0A722F98900100D6322D /* Resources */ = {
			isa = PBXResourcesBuildPhase;
			buildActionMask = 2147483647;
			files = (
				C0BA0A832F98C66B00D6322D /* Assets.xcassets in Resources */,
			);
			runOnlyForDeploymentPostprocessing = 0;
		};
/* End PBXResourcesBuildPhase section */

/* Begin PBXSourcesBuildPhase section */
		C0BA0A702F98900100D6322D /* Sources */ = {
			isa = PBXSourcesBuildPhase;
			buildActionMask = 2147483647;
			files = (
				C0BA0A872F98C68300D6322D /* ContentView.swift in Sources */,
				C0BA0A852F98C67800D6322D /* BeautyCamApp.swift in Sources */,
				BB020001BB020001BB020001 /* ARFaceSessionManager.swift in Sources */,
				BB020002BB020002BB020002 /* ARFrameProvider.swift in Sources */,
				BB020003BB020003BB020003 /* MetalFaceRenderer.swift in Sources */,
				BB020004BB020004BB020004 /* CameraTextureCache.swift in Sources */,
				BB020005BB020005BB020005 /* FaceMeshBufferBuilder.swift in Sources */,
				BB020006BB020006BB020006 /* BeautyWarpShader.metal in Sources */,
				BB020007BB020007BB020007 /* BeautyParameters.swift in Sources */,
				BB020008BB020008BB020008 /* FaceWarpController.swift in Sources */,
				BB020009BB020009BB020009 /* FaceLandmarkMapper.swift in Sources */,
				BB02000ABB02000ABB02000A /* TemporalSmoother.swift in Sources */,
				BB02000BBB02000BBB02000B /* BeautyControlPanel.swift in Sources */,
				BB02000CBB02000CBB02000C /* MetalViewRepresentable.swift in Sources */,
				BB02000DBB02000DBB02000D /* WarpFunctions.swift in Sources */,
				BB02000EBB02000EBB02000E /* GeometryUtils.swift in Sources */,
			);
			runOnlyForDeploymentPostprocessing = 0;
		};
/* End PBXSourcesBuildPhase section */

/* Begin XCBuildConfiguration section */
		C0BA0A7D2F98900200D6322D /* Debug */ = {
			isa = XCBuildConfiguration;
			buildSettings = {
				ALWAYS_SEARCH_USER_PATHS = NO;
				ASSETCATALOG_COMPILER_GENERATE_SWIFT_ASSET_SYMBOL_EXTENSIONS = YES;
				CLANG_ANALYZER_NONNULL = YES;
				CLANG_ANALYZER_NUMBER_OBJECT_CONVERSION = YES_AGGRESSIVE;
				CLANG_CXX_LANGUAGE_STANDARD = "gnu++20";
				CLANG_ENABLE_MODULES = YES;
				CLANG_ENABLE_OBJC_ARC = YES;
				CLANG_ENABLE_OBJC_WEAK = YES;
				CLANG_WARN_BLOCK_CAPTURE_AUTORELEASING = YES;
				CLANG_WARN_BOOL_CONVERSION = YES;
				CLANG_WARN_COMMA = YES;
				CLANG_WARN_CONSTANT_CONVERSION = YES;
				CLANG_WARN_DEPRECATED_OBJC_IMPLEMENTATIONS = YES;
				CLANG_WARN_DIRECT_OBJC_ISA_USAGE = YES_ERROR;
				CLANG_WARN_DOCUMENTATION_COMMENTS = YES;
				CLANG_WARN_EMPTY_BODY = YES;
				CLANG_WARN_ENUM_CONVERSION = YES;
				CLANG_WARN_INFINITE_RECURSION = YES;
				CLANG_WARN_INT_CONVERSION = YES;
				CLANG_WARN_NON_LITERAL_NULL_CONVERSION = YES;
				CLANG_WARN_OBJC_IMPLICIT_RETAIN_SELF = YES;
				CLANG_WARN_OBJC_LITERAL_CONVERSION = YES;
				CLANG_WARN_OBJC_ROOT_CLASS = YES_ERROR;
				CLANG_WARN_QUOTED_INCLUDE_IN_FRAMEWORK_HEADER = YES;
				CLANG_WARN_RANGE_LOOP_ANALYSIS = YES;
				CLANG_WARN_STRICT_PROTOTYPES = YES;
				CLANG_WARN_SUSPICIOUS_MOVE = YES;
				CLANG_WARN_UNGUARDED_AVAILABILITY = YES_AGGRESSIVE;
				CLANG_WARN_UNREACHABLE_CODE = YES;
				CLANG_WARN__DUPLICATE_METHOD_MATCH = YES;
				COPY_PHASE_STRIP = NO;
				DEBUG_INFORMATION_FORMAT = dwarf;
				ENABLE_STRICT_OBJC_MSGSEND = YES;
				ENABLE_TESTABILITY = YES;
				ENABLE_USER_SCRIPT_SANDBOXING = NO;
				GCC_C_LANGUAGE_STANDARD = gnu17;
				GCC_DYNAMIC_NO_PIC = NO;
				GCC_NO_COMMON_BLOCKS = YES;
				GCC_OPTIMIZATION_LEVEL = 0;
				GCC_PREPROCESSOR_DEFINITIONS = (
					"DEBUG=1",
					"$(inherited)",
				);
				GCC_WARN_64_TO_32_BIT_CONVERSION = YES;
				GCC_WARN_ABOUT_RETURN_TYPE = YES_ERROR;
				GCC_WARN_UNDECLARED_SELECTOR = YES;
				GCC_WARN_UNINITIALIZED_AUTOS = YES_AGGRESSIVE;
				GCC_WARN_UNUSED_FUNCTION = YES;
				GCC_WARN_UNUSED_VARIABLE = YES;
				IPHONEOS_DEPLOYMENT_TARGET = 17.0;
				LOCALIZATION_PREFERS_STRING_CATALOGS = YES;
				MTL_ENABLE_DEBUG_INFO = INCLUDE_SOURCE;
				MTL_FAST_MATH = YES;
				ONLY_ACTIVE_ARCH = YES;
				SDKROOT = iphoneos;
				SWIFT_ACTIVE_COMPILATION_CONDITIONS = "DEBUG $(inherited)";
				SWIFT_OPTIMIZATION_LEVEL = "-Onone";
			};
			name = Debug;
		};
		C0BA0A7E2F98900200D6322D /* Release */ = {
			isa = XCBuildConfiguration;
			buildSettings = {
				ALWAYS_SEARCH_USER_PATHS = NO;
				ASSETCATALOG_COMPILER_GENERATE_SWIFT_ASSET_SYMBOL_EXTENSIONS = YES;
				CLANG_ANALYZER_NONNULL = YES;
				CLANG_ANALYZER_NUMBER_OBJECT_CONVERSION = YES_AGGRESSIVE;
				CLANG_CXX_LANGUAGE_STANDARD = "gnu++20";
				CLANG_ENABLE_MODULES = YES;
				CLANG_ENABLE_OBJC_ARC = YES;
				CLANG_ENABLE_OBJC_WEAK = YES;
				CLANG_WARN_BLOCK_CAPTURE_AUTORELEASING = YES;
				CLANG_WARN_BOOL_CONVERSION = YES;
				CLANG_WARN_COMMA = YES;
				CLANG_WARN_CONSTANT_CONVERSION = YES;
				CLANG_WARN_DEPRECATED_OBJC_IMPLEMENTATIONS = YES;
				CLANG_WARN_DIRECT_OBJC_ISA_USAGE = YES_ERROR;
				CLANG_WARN_DOCUMENTATION_COMMENTS = YES;
				CLANG_WARN_EMPTY_BODY = YES;
				CLANG_WARN_ENUM_CONVERSION = YES;
				CLANG_WARN_INFINITE_RECURSION = YES;
				CLANG_WARN_INT_CONVERSION = YES;
				CLANG_WARN_NON_LITERAL_NULL_CONVERSION = YES;
				CLANG_WARN_OBJC_IMPLICIT_RETAIN_SELF = YES;
				CLANG_WARN_OBJC_LITERAL_CONVERSION = YES;
				CLANG_WARN_OBJC_ROOT_CLASS = YES_ERROR;
				CLANG_WARN_QUOTED_INCLUDE_IN_FRAMEWORK_HEADER = YES;
				CLANG_WARN_RANGE_LOOP_ANALYSIS = YES;
				CLANG_WARN_STRICT_PROTOTYPES = YES;
				CLANG_WARN_SUSPICIOUS_MOVE = YES;
				CLANG_WARN_UNGUARDED_AVAILABILITY = YES_AGGRESSIVE;
				CLANG_WARN_UNREACHABLE_CODE = YES;
				CLANG_WARN__DUPLICATE_METHOD_MATCH = YES;
				COPY_PHASE_STRIP = NO;
				DEBUG_INFORMATION_FORMAT = "dwarf-with-dsym";
				ENABLE_NS_ASSERTIONS = NO;
				ENABLE_STRICT_OBJC_MSGSEND = YES;
				ENABLE_USER_SCRIPT_SANDBOXING = NO;
				GCC_C_LANGUAGE_STANDARD = gnu17;
				GCC_NO_COMMON_BLOCKS = YES;
				GCC_WARN_64_TO_32_BIT_CONVERSION = YES;
				GCC_WARN_ABOUT_RETURN_TYPE = YES_ERROR;
				GCC_WARN_UNDECLARED_SELECTOR = YES;
				GCC_WARN_UNINITIALIZED_AUTOS = YES_AGGRESSIVE;
				GCC_WARN_UNUSED_FUNCTION = YES;
				GCC_WARN_UNUSED_VARIABLE = YES;
				IPHONEOS_DEPLOYMENT_TARGET = 17.0;
				LOCALIZATION_PREFERS_STRING_CATALOGS = YES;
				MTL_ENABLE_DEBUG_INFO = NO;
				MTL_FAST_MATH = YES;
				SDKROOT = iphoneos;
				SWIFT_COMPILATION_MODE = wholemodule;
				VALIDATE_PRODUCT = YES;
			};
			name = Release;
		};
		C0BA0A802F98900200D6322D /* Debug */ = {
			isa = XCBuildConfiguration;
			buildSettings = {
				ASSETCATALOG_COMPILER_APPICON_NAME = AppIcon;
				ASSETCATALOG_COMPILER_GLOBAL_ACCENT_COLOR_NAME = AccentColor;
				CLANG_ENABLE_MODULES = YES;
				CODE_SIGN_STYLE = Automatic;
				CURRENT_PROJECT_VERSION = 1;
				DEVELOPMENT_TEAM = V539UB4424;
				ENABLE_PREVIEWS = YES;
				GENERATE_INFOPLIST_FILE = YES;
				INFOPLIST_KEY_NSCameraUsageDescription = "ARKit顔メッシュを使った美顔エフェクトのためにカメラを使用します。";
				INFOPLIST_KEY_UIApplicationSceneManifest_Generation = YES;
				INFOPLIST_KEY_UIApplicationSupportsIndirectInputEvents = YES;
				INFOPLIST_KEY_UILaunchScreen_Generation = YES;
				INFOPLIST_KEY_UISupportedInterfaceOrientations_iPhone = UIInterfaceOrientationPortrait;
				MARKETING_VERSION = 1.0;
				PRODUCT_BUNDLE_IDENTIFIER = com.akadateppei.BeautyCam;
				PRODUCT_NAME = "$(TARGET_NAME)";
				STRING_CATALOG_GENERATE_SYMBOLS = YES;
				SWIFT_EMIT_LOC_STRINGS = YES;
				SWIFT_OPTIMIZATION_LEVEL = "-Onone";
				SWIFT_VERSION = 5.0;
				TARGETED_DEVICE_FAMILY = 1;
			};
			name = Debug;
		};
		C0BA0A812F98900200D6322D /* Release */ = {
			isa = XCBuildConfiguration;
			buildSettings = {
				ASSETCATALOG_COMPILER_APPICON_NAME = AppIcon;
				ASSETCATALOG_COMPILER_GLOBAL_ACCENT_COLOR_NAME = AccentColor;
				CLANG_ENABLE_MODULES = YES;
				CODE_SIGN_STYLE = Automatic;
				CURRENT_PROJECT_VERSION = 1;
				DEVELOPMENT_TEAM = V539UB4424;
				ENABLE_PREVIEWS = YES;
				GENERATE_INFOPLIST_FILE = YES;
				INFOPLIST_KEY_NSCameraUsageDescription = "ARKit顔メッシュを使った美顔エフェクトのためにカメラを使用します。";
				INFOPLIST_KEY_UIApplicationSceneManifest_Generation = YES;
				INFOPLIST_KEY_UIApplicationSupportsIndirectInputEvents = YES;
				INFOPLIST_KEY_UILaunchScreen_Generation = YES;
				INFOPLIST_KEY_UISupportedInterfaceOrientations_iPhone = UIInterfaceOrientationPortrait;
				MARKETING_VERSION = 1.0;
				PRODUCT_BUNDLE_IDENTIFIER = com.akadateppei.BeautyCam;
				PRODUCT_NAME = "$(TARGET_NAME)";
				STRING_CATALOG_GENERATE_SYMBOLS = YES;
				SWIFT_EMIT_LOC_STRINGS = YES;
				SWIFT_VERSION = 5.0;
				TARGETED_DEVICE_FAMILY = 1;
			};
			name = Release;
		};
/* End XCBuildConfiguration section */

/* Begin XCConfigurationList section */
		C0BA0A6F2F98900100D6322D /* Build configuration list for PBXProject "BeautyCam" */ = {
			isa = XCConfigurationList;
			buildConfigurations = (
				C0BA0A7D2F98900200D6322D /* Debug */,
				C0BA0A7E2F98900200D6322D /* Release */,
			);
			defaultConfigurationIsVisible = 0;
			defaultConfigurationName = Release;
		};
		C0BA0A7F2F98900200D6322D /* Build configuration list for PBXNativeTarget "BeautyCam" */ = {
			isa = XCConfigurationList;
			buildConfigurations = (
				C0BA0A802F98900200D6322D /* Debug */,
				C0BA0A812F98900200D6322D /* Release */,
			);
			defaultConfigurationIsVisible = 0;
			defaultConfigurationName = Release;
		};
/* End XCConfigurationList section */

	};
	rootObject = C0BA0A6C2F98900100D6322D /* Project object */;
}
